// !$*UTF8*$!
{
	archiveVersion = 1;
	classes = {
	};
	objectVersion = 70;
	objects = {

/* Begin PBXFileReference section */
		B72F548C89E64D9DB1182A15 /* Clarify.app */ = {isa = PBXFileReference; explicitFileType = wrapper.application; includeInIndex = 0; path = Clarify.app; sourceTree = BUILT_PRODUCTS_DIR; };
		9C58199EECD7CF0E88E7B9A2 /* ClarifyTests.xctest */ = {isa = PBXFileReference; explicitFileType = wrapper.cfbundle; includeInIndex = 0; path = ClarifyTests.xctest; sourceTree = BUILT_PRODUCTS_DIR; };
/* End PBXFileReference section */

/* Begin PBXFileSystemSynchronizedRootGroup section */
		92CC5412EB3C415795BEA12B /* Clarify */ = {isa = PBXFileSystemSynchronizedRootGroup; explicitFileTypes = {}; explicitFolders = (); path = Clarify; sourceTree = "<group>"; };
		DACFC8E95CBC0AB7D6FD6167 /* ClarifyTests */ = {isa = PBXFileSystemSynchronizedRootGroup; explicitFileTypes = {}; explicitFolders = (); path = ClarifyTests; sourceTree = "<group>"; };
/* End PBXFileSystemSynchronizedRootGroup section */

/* Begin PBXContainerItemProxy section */
		C5FA2D6A67167CE56E8419DF /* PBXContainerItemProxy */ = {
			isa = PBXContainerItemProxy;
			containerPortal = 0AFDA550BCD8445087EB6313 /* Project object */;
			proxyType = 1;
			remoteGlobalIDString = 2E8A5DEEE8EB4D5BB3EC7C06;
			remoteInfo = Clarify;
		};
/* End PBXContainerItemProxy section */

/* Begin PBXFrameworksBuildPhase section */
		1CD0C02EC6B74670AD5BD73E /* Frameworks */ = {
			isa = PBXFrameworksBuildPhase;
			buildActionMask = 2147483647;
			files = (
			);
			runOnlyForDeploymentPostprocessing = 0;
		};
		BA4A28FD2FAE805F520E23AB /* Frameworks */ = {
			isa = PBXFrameworksBuildPhase;
			buildActionMask = 2147483647;
			files = (
			);
			runOnlyForDeploymentPostprocessing = 0;
		};
/* End PBXFrameworksBuildPhase section */

/* Begin PBXGroup section */
		38173F7E89314E13BCD77684 = {
			isa = PBXGroup;
			children = (
				92CC5412EB3C415795BEA12B /* Clarify */,
				DACFC8E95CBC0AB7D6FD6167 /* ClarifyTests */,
				B81F31CE9A344481885E0304 /* Products */,
			);
			sourceTree = "<group>";
		};
		B81F31CE9A344481885E0304 /* Products */ = {
			isa = PBXGroup;
			children = (
				B72F548C89E64D9DB1182A15 /* Clarify.app */,
				9C58199EECD7CF0E88E7B9A2 /* ClarifyTests.xctest */,
			);
			name = Products;
			sourceTree = "<group>";
		};
/* End PBXGroup section */

/* Begin PBXNativeTarget section */
		2E8A5DEEE8EB4D5BB3EC7C06 /* Clarify */ = {
			isa = PBXNativeTarget;
			buildConfigurationList = D07C8FC4D50846C38BE84BC6 /* Build configuration list for PBXNativeTarget "Clarify" */;
			buildPhases = (
				175CF526613D444CBE9FCCA5 /* Sources */,
				1CD0C02EC6B74670AD5BD73E /* Frameworks */,
				441A72A1EED64C3B9B49F145 /* Resources */,
			);
			buildRules = (
			);
			dependencies = (
			);
			fileSystemSynchronizedGroups = (
				92CC5412EB3C415795BEA12B /* Clarify */,
			);
			name = Clarify;
			productName = Clarify;
			productReference = B72F548C89E64D9DB1182A15 /* Clarify.app */;
			productType = "com.apple.product-type.application";
		};
		0352205509DAFEA1AF9058AB /* ClarifyTests */ = {
			isa = PBXNativeTarget;
			buildConfigurationList = DC4E6654D7B73185C721D0BC /* Build configuration list for PBXNativeTarget "ClarifyTests" */;
			buildPhases = (
				43007BD062C6F6AC47E7975F /* Sources */,
				BA4A28FD2FAE805F520E23AB /* Frameworks */,
				3C8B5EF4FBF179EDCE312E0C /* Resources */,
			);
			buildRules = (
			);
			dependencies = (
				FB4B7EBB61A4D005498750DA /* PBXTargetDependency */,
			);
			fileSystemSynchronizedGroups = (
				DACFC8E95CBC0AB7D6FD6167 /* ClarifyTests */,
			);
			name = ClarifyTests;
			productName = ClarifyTests;
			productReference = 9C58199EECD7CF0E88E7B9A2 /* ClarifyTests.xctest */;
			productType = "com.apple.product-type.bundle.unit-test";
		};
/* End PBXNativeTarget section */

/* Begin PBXProject section */
		0AFDA550BCD8445087EB6313 /* Project object */ = {
			isa = PBXProject;
			attributes = {
				BuildIndependentTargetsInParallel = 1;
				LastSwiftUpdateCheck = 1600;
				LastUpgradeCheck = 1600;
				TargetAttributes = {
					2E8A5DEEE8EB4D5BB3EC7C06 = {
						CreatedOnToolsVersion = 16.0;
					};
					0352205509DAFEA1AF9058AB = {
						CreatedOnToolsVersion = 16.0;
						TestTargetID = 2E8A5DEEE8EB4D5BB3EC7C06;
					};
				};
			};
			buildConfigurationList = 5D1B80D0EC274E8495C8530B /* Build configuration list for PBXProject "Clarify" */;
			compatibilityVersion = "Xcode 14.0";
			developmentRegion = en;
			hasScannedForEncodings = 0;
			knownRegions = (
				en,
				Base,
			);
			mainGroup = 38173F7E89314E13BCD77684;
			productRefGroup = B81F31CE9A344481885E0304 /* Products */;
			projectDirPath = "";
			projectRoot = "";
			targets = (
				2E8A5DEEE8EB4D5BB3EC7C06 /* Clarify */,
				0352205509DAFEA1AF9058AB /* ClarifyTests */,
			);
		};
/* End PBXProject section */

/* Begin PBXResourcesBuildPhase section */
		441A72A1EED64C3B9B49F145 /* Resources */ = {
			isa = PBXResourcesBuildPhase;
			buildActionMask = 2147483647;
			files = (
			);
			runOnlyForDeploymentPostprocessing = 0;
		};
		3C8B5EF4FBF179EDCE312E0C /* Resources */ = {
			isa = PBXResourcesBuildPhase;
			buildActionMask = 2147483647;
			files = (
			);
			runOnlyForDeploymentPostprocessing = 0;
		};
/* End PBXResourcesBuildPhase section */

/* Begin PBXSourcesBuildPhase section */
		175CF526613D444CBE9FCCA5 /* Sources */ = {
			isa = PBXSourcesBuildPhase;
			buildActionMask = 2147483647;
			files = (
			);
			runOnlyForDeploymentPostprocessing = 0;
		};
		43007BD062C6F6AC47E7975F /* Sources */ = {
			isa = PBXSourcesBuildPhase;
			buildActionMask = 2147483647;
			files = (
			);
			runOnlyForDeploymentPostprocessing = 0;
		};
/* End PBXSourcesBuildPhase section */

/* Begin PBXTargetDependency section */
		FB4B7EBB61A4D005498750DA /* PBXTargetDependency */ = {
			isa = PBXTargetDependency;
			target = 2E8A5DEEE8EB4D5BB3EC7C06 /* Clarify */;
			targetProxy = C5FA2D6A67167CE56E8419DF /* PBXContainerItemProxy */;
		};
/* End PBXTargetDependency section */

/* Begin XCBuildConfiguration section */
		0B2512ACA2F14BFFA047A785 /* Release */ = {
			isa = XCBuildConfiguration;
			buildSettings = {
				ALWAYS_SEARCH_USER_PATHS = NO;
				CLANG_ANALYZER_NONNULL = YES;
				CLANG_ENABLE_MODULES = YES;
				CLANG_ENABLE_OBJC_ARC = YES;
				CLANG_WARN_DOCUMENTATION_COMMENTS = YES;
				COPY_PHASE_STRIP = NO;
				DEBUG_INFORMATION_FORMAT = "dwarf-with-dsym";
				ENABLE_NS_ASSERTIONS = NO;
				ENABLE_STRICT_OBJC_MSGSEND = YES;
				GCC_C_LANGUAGE_STANDARD = gnu17;
				GCC_NO_COMMON_BLOCKS = YES;
				IPHONEOS_DEPLOYMENT_TARGET = 17.0;
				MTL_ENABLE_DEBUG_INFO = NO;
				SDKROOT = iphoneos;
				SWIFT_COMPILATION_MODE = wholemodule;
				SWIFT_VERSION = 5.0;
				VALIDATE_PRODUCT = YES;
			};
			name = Release;
		};
		3F204673F36E463BB31B1F3E /* Debug */ = {
			isa = XCBuildConfiguration;
			buildSettings = {
				ASSETCATALOG_COMPILER_APPICON_NAME = AppIcon;
				ASSETCATALOG_COMPILER_GLOBAL_ACCENT_COLOR_NAME = AccentColor;
				CODE_SIGN_ALLOW_ENTITLEMENTS_MODIFICATION = YES;
				CODE_SIGN_ENTITLEMENTS = Clarify/Clarify.entitlements;
				CODE_SIGN_STYLE = Automatic;
				CURRENT_PROJECT_VERSION = 1;
				DEVELOPMENT_TEAM = SQF8N6DK52;
				GENERATE_INFOPLIST_FILE = YES;
				INFOPLIST_KEY_UIApplicationSceneManifest_Generation = YES;
				INFOPLIST_KEY_UIApplicationSupportsIndirectInputEvents = YES;
				INFOPLIST_KEY_UILaunchScreen_Generation = YES;
				INFOPLIST_KEY_UIRequiresFullScreen = YES;
				INFOPLIST_KEY_UISupportedInterfaceOrientations = "UIInterfaceOrientationPortrait UIInterfaceOrientationLandscapeLeft UIInterfaceOrientationLandscapeRight";
				LD_RUNPATH_SEARCH_PATHS = "@executable_path/Frameworks";
				MARKETING_VERSION = 1.0;
				PRODUCT_BUNDLE_IDENTIFIER = com.glennsgaming.Clarify;
				PRODUCT_NAME = "$(TARGET_NAME)";
				SWIFT_EMIT_LOC_STRINGS = YES;
				SWIFT_VERSION = 5.0;
				TARGETED_DEVICE_FAMILY = "1,2";
			};
			name = Debug;
		};
		6122A81C93294FFE8BADDA2E /* Release */ = {
			isa = XCBuildConfiguration;
			buildSettings = {
				ASSETCATALOG_COMPILER_APPICON_NAME = AppIcon;
				ASSETCATALOG_COMPILER_GLOBAL_ACCENT_COLOR_NAME = AccentColor;
				CODE_SIGN_ALLOW_ENTITLEMENTS_MODIFICATION = YES;
				CODE_SIGN_ENTITLEMENTS = Clarify/Clarify.entitlements;
				CODE_SIGN_STYLE = Automatic;
				CURRENT_PROJECT_VERSION = 1;
				DEVELOPMENT_TEAM = SQF8N6DK52;
				GENERATE_INFOPLIST_FILE = YES;
				INFOPLIST_KEY_UIApplicationSceneManifest_Generation = YES;
				INFOPLIST_KEY_UIApplicationSupportsIndirectInputEvents = YES;
				INFOPLIST_KEY_UILaunchScreen_Generation = YES;
				INFOPLIST_KEY_UIRequiresFullScreen = YES;
				INFOPLIST_KEY_UISupportedInterfaceOrientations = "UIInterfaceOrientationPortrait UIInterfaceOrientationLandscapeLeft UIInterfaceOrientationLandscapeRight";
				LD_RUNPATH_SEARCH_PATHS = "@executable_path/Frameworks";
				MARKETING_VERSION = 1.0;
				PRODUCT_BUNDLE_IDENTIFIER = com.glennsgaming.Clarify;
				PRODUCT_NAME = "$(TARGET_NAME)";
				SWIFT_EMIT_LOC_STRINGS = YES;
				SWIFT_VERSION = 5.0;
				TARGETED_DEVICE_FAMILY = "1,2";
			};
			name = Release;
		};
		DF0222357BBC416E82B2ACA9 /* Debug */ = {
			isa = XCBuildConfiguration;
			buildSettings = {
				ALWAYS_SEARCH_USER_PATHS = NO;
				CLANG_ANALYZER_NONNULL = YES;
				CLANG_ENABLE_MODULES = YES;
				CLANG_ENABLE_OBJC_ARC = YES;
				CLANG_WARN_DOCUMENTATION_COMMENTS = YES;
				COPY_PHASE_STRIP = NO;
				DEBUG_INFORMATION_FORMAT = dwarf;
				ENABLE_STRICT_OBJC_MSGSEND = YES;
				ENABLE_TESTABILITY = YES;
				GCC_C_LANGUAGE_STANDARD = gnu17;
				GCC_DYNAMIC_NO_PIC = NO;
				GCC_NO_COMMON_BLOCKS = YES;
				GCC_OPTIMIZATION_LEVEL = 0;
				IPHONEOS_DEPLOYMENT_TARGET = 17.0;
				MTL_ENABLE_DEBUG_INFO = INCLUDE_SOURCE;
				ONLY_ACTIVE_ARCH = YES;
				SDKROOT = iphoneos;
				SWIFT_ACTIVE_COMPILATION_CONDITIONS = "DEBUG $(inherited)";
				SWIFT_OPTIMIZATION_LEVEL = "-Onone";
				SWIFT_VERSION = 5.0;
			};
			name = Debug;
		};
		56E2E5CCEC7E107B67E6D33E /* Debug */ = {
			isa = XCBuildConfiguration;
			buildSettings = {
				BUNDLE_LOADER = "$(TEST_HOST)";
				CODE_SIGN_STYLE = Automatic;
				CURRENT_PROJECT_VERSION = 1;
				DEVELOPMENT_TEAM = SQF8N6DK52;
				GENERATE_INFOPLIST_FILE = YES;
				MARKETING_VERSION = 1.0;
				PRODUCT_BUNDLE_IDENTIFIER = com.glennsgaming.ClarifyTests;
				PRODUCT_NAME = "$(TARGET_NAME)";
				SWIFT_EMIT_LOC_STRINGS = NO;
				SWIFT_VERSION = 5.0;
				TARGETED_DEVICE_FAMILY = "1,2";
				TEST_HOST = "$(BUILT_PRODUCTS_DIR)/Clarify.app/Clarify";
			};
			name = Debug;
		};
		CF4E65F1E3223E395B1D8959 /* Release */ = {
			isa = XCBuildConfiguration;
			buildSettings = {
				BUNDLE_LOADER = "$(TEST_HOST)";
				CODE_SIGN_STYLE = Automatic;
				CURRENT_PROJECT_VERSION = 1;
				DEVELOPMENT_TEAM = SQF8N6DK52;
				GENERATE_INFOPLIST_FILE = YES;
				MARKETING_VERSION = 1.0;
				PRODUCT_BUNDLE_IDENTIFIER = com.glennsgaming.ClarifyTests;
				PRODUCT_NAME = "$(TARGET_NAME)";
				SWIFT_EMIT_LOC_STRINGS = NO;
				SWIFT_VERSION = 5.0;
				TARGETED_DEVICE_FAMILY = "1,2";
				TEST_HOST = "$(BUILT_PRODUCTS_DIR)/Clarify.app/Clarify";
			};
			name = Release;
		};
/* End XCBuildConfiguration section */

/* Begin XCConfigurationList section */
		5D1B80D0EC274E8495C8530B /* Build configuration list for PBXProject "Clarify" */ = {
			isa = XCConfigurationList;
			buildConfigurations = (
				DF0222357BBC416E82B2ACA9 /* Debug */,
				0B2512ACA2F14BFFA047A785 /* Release */,
			);
			defaultConfigurationIsVisible = 0;
			defaultConfigurationName = Release;
		};
		D07C8FC4D50846C38BE84BC6 /* Build configuration list for PBXNativeTarget "Clarify" */ = {
			isa = XCConfigurationList;
			buildConfigurations = (
				3F204673F36E463BB31B1F3E /* Debug */,
				6122A81C93294FFE8BADDA2E /* Release */,
			);
			defaultConfigurationIsVisible = 0;
			defaultConfigurationName = Release;
		};
		DC4E6654D7B73185C721D0BC /* Build configuration list for PBXNativeTarget "ClarifyTests" */ = {
			isa = XCConfigurationList;
			buildConfigurations = (
				56E2E5CCEC7E107B67E6D33E /* Debug */,
				CF4E65F1E3223E395B1D8959 /* Release */,
			);
			defaultConfigurationIsVisible = 0;
			defaultConfigurationName = Release;
		};
/* End XCConfigurationList section */
	};
	rootObject = 0AFDA550BCD8445087EB6313 /* Project object */;
}
